
Microsoft Visual Studio Solution File, Format Version 12.00
# Visual Studio Version 17
VisualStudioVersion = 17.5.33414.496
MinimumVisualStudioVersion = 10.0.40219.1
Project("{FAE04EC0-301F-11D3-BF4B-00C04F79EFBC}") = "AZSPiter", "AZSPiter\AZSPiter.csproj", "{56A959C3-3258-4771-AD0F-671F6474F0C0}"
EndProject
Global
	GlobalSection(SolutionConfigurationPlatforms) = preSolution
		Debug|Any CPU = Debug|Any CPU
		Release|Any CPU = Release|Any CPU
	EndGlobalSection
	GlobalSection(ProjectConfigurationPlatforms) = postSolution
		{56A959C3-3258-4771-AD0F-671F6474F0C0}.Debug|Any CPU.ActiveCfg = Debug|Any CPU
		{56A959C3-3258-4771-AD0F-671F6474F0C0}.Debug|Any CPU.Build.0 = Debug|Any CPU
		{56A959C3-3258-4771-AD0F-671F6474F0C0}.Release|Any CPU.ActiveCfg = Release|Any CPU
		{56A959C3-3258-4771-AD0F-671F6474F0C0}.Release|Any CPU.Build.0 = Release|Any CPU
	EndGlobalSection
	GlobalSection(SolutionProperties) = preSolution
		HideSolutionNode = FALSE
	EndGlobalSection
	GlobalSection(ExtensibilityGlobals) = postSolution
		SolutionGuid = {99E873A2-9697-489B-86D8-04E7F00E76CD}
	EndGlobalSection
EndGlobal
